
Microsoft Visual Studio Solution File, Format Version 12.00
# Visual Studio Version 16
VisualStudioVersion = 16.0.31129.286
MinimumVisualStudioVersion = 10.0.40219.1
Project("{8BC9CEB8-8B4A-11D0-8D11-00A0C91BC942}") = "c++ class2", "c++ class2.vcxproj", "{B5290CAB-D3ED-4AAE-93D2-68135561CAE7}"
EndProject
Global
	GlobalSection(SolutionConfigurationPlatforms) = preSolution
		Debug|x64 = Debug|x64
		Debug|x86 = Debug|x86
		Release|x64 = Release|x64
		Release|x86 = Release|x86
	EndGlobalSection
	GlobalSection(ProjectConfigurationPlatforms) = postSolution
		{B5290CAB-D3ED-4AAE-93D2-68135561CAE7}.Debug|x64.ActiveCfg = Debug|x64
		{B5290CAB-D3ED-4AAE-93D2-68135561CAE7}.Debug|x64.Build.0 = Debug|x64
		{B5290CAB-D3ED-4AAE-93D2-68135561CAE7}.Debug|x86.ActiveCfg = Debug|Win32
		{B5290CAB-D3ED-4AAE-93D2-68135561CAE7}.Debug|x86.Build.0 = Debug|Win32
		{B5290CAB-D3ED-4AAE-93D2-68135561CAE7}.Release|x64.ActiveCfg = Release|x64
		{B5290CAB-D3ED-4AAE-93D2-68135561CAE7}.Release|x64.Build.0 = Release|x64
		{B5290CAB-D3ED-4AAE-93D2-68135561CAE7}.Release|x86.ActiveCfg = Release|Win32
		{B5290CAB-D3ED-4AAE-93D2-68135561CAE7}.Release|x86.Build.0 = Release|Win32
	EndGlobalSection
	GlobalSection(SolutionProperties) = preSolution
		HideSolutionNode = FALSE
	EndGlobalSection
	GlobalSection(ExtensibilityGlobals) = postSolution
		SolutionGuid = {8C4261F9-5338-40FD-AF9B-5ED430986926}
	EndGlobalSection
EndGlobal
